PODS:
  - ChameleonFramework (1.2.0)
  - MBProgressHUD (0.9.1)
  - Nimble (0.4.2)
  - OHHTTPStubs (4.0.2)
  - Quick (0.3.1)
  - Realm (0.90.5):
    - Realm/Headers (= 0.90.5)
  - Realm/Headers (0.90.5)
  - RESideMenu (4.0.7)

DEPENDENCIES:
  - ChameleonFramework
  - MBProgressHUD
  - Nimble (~> 0.4.0)
  - OHHTTPStubs
  - Quick (= 0.3.1)
  - Realm (= 0.90.5)
  - RESideMenu (~> 4.0.7)

SPEC CHECKSUMS:
  ChameleonFramework: 4d6bf87fcaee176f487176cdccc4229637ec97f0
  MBProgressHUD: c47f2c166c126cf2ce36498d80f33e754d4e93ad
  Nimble: 49b7a7da8919f42823d37c6d68cc6d15a7009f32
  OHHTTPStubs: dbd1957d414659783e07b49c961940b7564c23d9
  Quick: 824572d3d198d51e52cf4aa722cebf7e59952a35
  Realm: 9076475e7ea3b4baf9fd90a4aa965256cf4ecd7b
  RESideMenu: f24c508404b49c667344c54aba7e590883533958

COCOAPODS: 0.37.2
